// !$*UTF8*$!
{
	archiveVersion = 1;
	classes = {
	};
	objectVersion = 46;
	objects = {

/* Begin PBXBuildFile section */
		CC5DE4E8C1975EAF5FD1D324 /* libPods.a in Frameworks */ = {isa = PBXBuildFile; fileRef = 91C329F8688C4A03264B60DA /* libPods.a */; };
		EF836A037515B01B10977CA9 /* libPods.a in Frameworks */ = {isa = PBXBuildFile; fileRef = 91C329F8688C4A03264B60DA /* libPods.a */; };
		FA1701D51A8CFC60002C3CC1 /* AnaDict.swift in Sources */ = {isa = PBXBuildFile; fileRef = FA4E7CB81A813FDD00598C83 /* AnaDict.swift */; };
		FA1701D61A8CFC70002C3CC1 /* AppDelegate.swift in Sources */ = {isa = PBXBuildFile; fileRef = FA4E7C951A81358100598C83 /* AppDelegate.swift */; };
		FA1701D71A8CFCB4002C3CC1 /* ViewController.swift in Sources */ = {isa = PBXBuildFile; fileRef = FA4E7C971A81358100598C83 /* ViewController.swift */; };
		FA4E7C961A81358100598C83 /* AppDelegate.swift in Sources */ = {isa = PBXBuildFile; fileRef = FA4E7C951A81358100598C83 /* AppDelegate.swift */; };
		FA4E7C981A81358100598C83 /* ViewController.swift in Sources */ = {isa = PBXBuildFile; fileRef = FA4E7C971A81358100598C83 /* ViewController.swift */; };
		FA4E7C9B1A81358100598C83 /* Main.storyboard in Resources */ = {isa = PBXBuildFile; fileRef = FA4E7C991A81358100598C83 /* Main.storyboard */; };
		FA4E7C9D1A81358100598C83 /* Images.xcassets in Resources */ = {isa = PBXBuildFile; fileRef = FA4E7C9C1A81358100598C83 /* Images.xcassets */; };
		FA4E7CA01A81358100598C83 /* LaunchScreen.xib in Resources */ = {isa = PBXBuildFile; fileRef = FA4E7C9E1A81358100598C83 /* LaunchScreen.xib */; };
		FA4E7CAC1A81358100598C83 /* AnagrammyTests.swift in Sources */ = {isa = PBXBuildFile; fileRef = FA4E7CAB1A81358100598C83 /* AnagrammyTests.swift */; };
		FA4E7CB91A813FDD00598C83 /* AnaDict.swift in Sources */ = {isa = PBXBuildFile; fileRef = FA4E7CB81A813FDD00598C83 /* AnaDict.swift */; };
		FA4E7CBB1A813FF500598C83 /* enable.txt in Resources */ = {isa = PBXBuildFile; fileRef = FA4E7CBA1A813FF500598C83 /* enable.txt */; };
		FA4E7CBD1A81447600598C83 /* 3esl.txt in Resources */ = {isa = PBXBuildFile; fileRef = FA4E7CBC1A81447600598C83 /* 3esl.txt */; };
		FABB90AD1A923F250026C301 /* Utils.swift in Sources */ = {isa = PBXBuildFile; fileRef = FABB90AC1A923F250026C301 /* Utils.swift */; };
		FABB90AE1A923F250026C301 /* Utils.swift in Sources */ = {isa = PBXBuildFile; fileRef = FABB90AC1A923F250026C301 /* Utils.swift */; };
		FABB90B01A9246040026C301 /* NotificationManager.swift in Sources */ = {isa = PBXBuildFile; fileRef = FABB90AF1A9246040026C301 /* NotificationManager.swift */; };
		FABB90B11A9246040026C301 /* NotificationManager.swift in Sources */ = {isa = PBXBuildFile; fileRef = FABB90AF1A9246040026C301 /* NotificationManager.swift */; };
		FADB601E1A8D046A00FE2FC5 /* Main.storyboard in Resources */ = {isa = PBXBuildFile; fileRef = FA4E7C991A81358100598C83 /* Main.storyboard */; };
/* End PBXBuildFile section */

/* Begin PBXContainerItemProxy section */
		FA4E7CA61A81358100598C83 /* PBXContainerItemProxy */ = {
			isa = PBXContainerItemProxy;
			containerPortal = FA4E7C881A81358100598C83 /* Project object */;
			proxyType = 1;
			remoteGlobalIDString = FA4E7C8F1A81358100598C83;
			remoteInfo = Anagrammy;
		};
/* End PBXContainerItemProxy section */

/* Begin PBXFileReference section */
		191D6D2270E0DBF08A019BB8 /* Pods.release.xcconfig */ = {isa = PBXFileReference; includeInIndex = 1; lastKnownFileType = text.xcconfig; name = Pods.release.xcconfig; path = "Pods/Target Support Files/Pods/Pods.release.xcconfig"; sourceTree = "<group>"; };
		91C329F8688C4A03264B60DA /* libPods.a */ = {isa = PBXFileReference; explicitFileType = archive.ar; includeInIndex = 0; path = libPods.a; sourceTree = BUILT_PRODUCTS_DIR; };
		9668F74FD402298EC94D052E /* Pods.debug.xcconfig */ = {isa = PBXFileReference; includeInIndex = 1; lastKnownFileType = text.xcconfig; name = Pods.debug.xcconfig; path = "Pods/Target Support Files/Pods/Pods.debug.xcconfig"; sourceTree = "<group>"; };
		FA4E7C901A81358100598C83 /* Anagrammy.app */ = {isa = PBXFileReference; explicitFileType = wrapper.application; includeInIndex = 0; path = Anagrammy.app; sourceTree = BUILT_PRODUCTS_DIR; };
		FA4E7C941A81358100598C83 /* Info.plist */ = {isa = PBXFileReference; lastKnownFileType = text.plist.xml; path = Info.plist; sourceTree = "<group>"; };
		FA4E7C951A81358100598C83 /* AppDelegate.swift */ = {isa = PBXFileReference; lastKnownFileType = sourcecode.swift; path = AppDelegate.swift; sourceTree = "<group>"; };
		FA4E7C971A81358100598C83 /* ViewController.swift */ = {isa = PBXFileReference; lastKnownFileType = sourcecode.swift; path = ViewController.swift; sourceTree = "<group>"; };
		FA4E7C9A1A81358100598C83 /* Base */ = {isa = PBXFileReference; lastKnownFileType = file.storyboard; name = Base; path = Base.lproj/Main.storyboard; sourceTree = "<group>"; };
		FA4E7C9C1A81358100598C83 /* Images.xcassets */ = {isa = PBXFileReference; lastKnownFileType = folder.assetcatalog; path = Images.xcassets; sourceTree = "<group>"; };
		FA4E7C9F1A81358100598C83 /* Base */ = {isa = PBXFileReference; lastKnownFileType = file.xib; name = Base; path = Base.lproj/LaunchScreen.xib; sourceTree = "<group>"; };
		FA4E7CA51A81358100598C83 /* AnagrammyTests.xctest */ = {isa = PBXFileReference; explicitFileType = wrapper.cfbundle; includeInIndex = 0; path = AnagrammyTests.xctest; sourceTree = BUILT_PRODUCTS_DIR; };
		FA4E7CAA1A81358100598C83 /* Info.plist */ = {isa = PBXFileReference; lastKnownFileType = text.plist.xml; path = Info.plist; sourceTree = "<group>"; };
		FA4E7CAB1A81358100598C83 /* AnagrammyTests.swift */ = {isa = PBXFileReference; lastKnownFileType = sourcecode.swift; path = AnagrammyTests.swift; sourceTree = "<group>"; };
		FA4E7CB51A81388800598C83 /* Anagrammy-Bridging-Header.h */ = {isa = PBXFileReference; lastKnownFileType = sourcecode.c.h; path = "Anagrammy-Bridging-Header.h"; sourceTree = "<group>"; };
		FA4E7CB81A813FDD00598C83 /* AnaDict.swift */ = {isa = PBXFileReference; fileEncoding = 4; lastKnownFileType = sourcecode.swift; path = AnaDict.swift; sourceTree = "<group>"; };
		FA4E7CBA1A813FF500598C83 /* enable.txt */ = {isa = PBXFileReference; fileEncoding = 4; lastKnownFileType = text; path = enable.txt; sourceTree = "<group>"; };
		FA4E7CBC1A81447600598C83 /* 3esl.txt */ = {isa = PBXFileReference; fileEncoding = 4; lastKnownFileType = text; path = 3esl.txt; sourceTree = "<group>"; };
		FABB90AC1A923F250026C301 /* Utils.swift */ = {isa = PBXFileReference; fileEncoding = 4; lastKnownFileType = sourcecode.swift; path = Utils.swift; sourceTree = "<group>"; };
		FABB90AF1A9246040026C301 /* NotificationManager.swift */ = {isa = PBXFileReference; fileEncoding = 4; lastKnownFileType = sourcecode.swift; path = NotificationManager.swift; sourceTree = "<group>"; };
/* End PBXFileReference section */

/* Begin PBXFrameworksBuildPhase section */
		FA4E7C8D1A81358100598C83 /* Frameworks */ = {
			isa = PBXFrameworksBuildPhase;
			buildActionMask = 2147483647;
			files = (
				CC5DE4E8C1975EAF5FD1D324 /* libPods.a in Frameworks */,
			);
			runOnlyForDeploymentPostprocessing = 0;
		};
		FA4E7CA21A81358100598C83 /* Frameworks */ = {
			isa = PBXFrameworksBuildPhase;
			buildActionMask = 2147483647;
			files = (
				EF836A037515B01B10977CA9 /* libPods.a in Frameworks */,
			);
			runOnlyForDeploymentPostprocessing = 0;
		};
/* End PBXFrameworksBuildPhase section */

/* Begin PBXGroup section */
		46464572E59073488F18EF00 /* Frameworks */ = {
			isa = PBXGroup;
			children = (
				91C329F8688C4A03264B60DA /* libPods.a */,
			);
			name = Frameworks;
			sourceTree = "<group>";
		};
		EA8C6015563376139148FF84 /* Pods */ = {
			isa = PBXGroup;
			children = (
				9668F74FD402298EC94D052E /* Pods.debug.xcconfig */,
				191D6D2270E0DBF08A019BB8 /* Pods.release.xcconfig */,
			);
			name = Pods;
			sourceTree = "<group>";
		};
		FA4E7C871A81358100598C83 = {
			isa = PBXGroup;
			children = (
				FA4E7C921A81358100598C83 /* Anagrammy */,
				FA4E7CA81A81358100598C83 /* AnagrammyTests */,
				46464572E59073488F18EF00 /* Frameworks */,
				EA8C6015563376139148FF84 /* Pods */,
				FA4E7C911A81358100598C83 /* Products */,
			);
			sourceTree = "<group>";
		};
		FA4E7C911A81358100598C83 /* Products */ = {
			isa = PBXGroup;
			children = (
				FA4E7C901A81358100598C83 /* Anagrammy.app */,
				FA4E7CA51A81358100598C83 /* AnagrammyTests.xctest */,
			);
			name = Products;
			sourceTree = "<group>";
		};
		FA4E7C921A81358100598C83 /* Anagrammy */ = {
			isa = PBXGroup;
			children = (
				FA4E7CB81A813FDD00598C83 /* AnaDict.swift */,
				FA4E7CB51A81388800598C83 /* Anagrammy-Bridging-Header.h */,
				FA4E7C951A81358100598C83 /* AppDelegate.swift */,
				FA4E7C9C1A81358100598C83 /* Images.xcassets */,
				FA4E7C9E1A81358100598C83 /* LaunchScreen.xib */,
				FA4E7C991A81358100598C83 /* Main.storyboard */,
				FABB90AF1A9246040026C301 /* NotificationManager.swift */,
				FA4E7C931A81358100598C83 /* Supporting Files */,
				FABB90AC1A923F250026C301 /* Utils.swift */,
				FA4E7C971A81358100598C83 /* ViewController.swift */,
			);
			path = Anagrammy;
			sourceTree = "<group>";
		};
		FA4E7C931A81358100598C83 /* Supporting Files */ = {
			isa = PBXGroup;
			children = (
				FA4E7CBC1A81447600598C83 /* 3esl.txt */,
				FA4E7CBA1A813FF500598C83 /* enable.txt */,
				FA4E7C941A81358100598C83 /* Info.plist */,
			);
			name = "Supporting Files";
			sourceTree = "<group>";
		};
		FA4E7CA81A81358100598C83 /* AnagrammyTests */ = {
			isa = PBXGroup;
			children = (
				FA4E7CAB1A81358100598C83 /* AnagrammyTests.swift */,
				FA4E7CA91A81358100598C83 /* Supporting Files */,
			);
			path = AnagrammyTests;
			sourceTree = "<group>";
		};
		FA4E7CA91A81358100598C83 /* Supporting Files */ = {
			isa = PBXGroup;
			children = (
				FA4E7CAA1A81358100598C83 /* Info.plist */,
			);
			name = "Supporting Files";
			sourceTree = "<group>";
		};
/* End PBXGroup section */

/* Begin PBXNativeTarget section */
		FA4E7C8F1A81358100598C83 /* Anagrammy */ = {
			isa = PBXNativeTarget;
			buildConfigurationList = FA4E7CAF1A81358100598C83 /* Build configuration list for PBXNativeTarget "Anagrammy" */;
			buildPhases = (
				5289C59A204094FDA1FDE22F /* Check Pods Manifest.lock */,
				FA4E7C8C1A81358100598C83 /* Sources */,
				FA4E7C8D1A81358100598C83 /* Frameworks */,
				FA4E7C8E1A81358100598C83 /* Resources */,
				087A04E70C29A1A9E5CE3DCE /* Copy Pods Resources */,
			);
			buildRules = (
			);
			dependencies = (
			);
			name = Anagrammy;
			productName = Anagrammy;
			productReference = FA4E7C901A81358100598C83 /* Anagrammy.app */;
			productType = "com.apple.product-type.application";
		};
		FA4E7CA41A81358100598C83 /* AnagrammyTests */ = {
			isa = PBXNativeTarget;
			buildConfigurationList = FA4E7CB21A81358100598C83 /* Build configuration list for PBXNativeTarget "AnagrammyTests" */;
			buildPhases = (
				E954CE7D0B2B4C8145E3153A /* Check Pods Manifest.lock */,
				FA4E7CA11A81358100598C83 /* Sources */,
				FA4E7CA21A81358100598C83 /* Frameworks */,
				FA4E7CA31A81358100598C83 /* Resources */,
				B53581087441AD67325F129F /* Copy Pods Resources */,
			);
			buildRules = (
			);
			dependencies = (
				FA4E7CA71A81358100598C83 /* PBXTargetDependency */,
			);
			name = AnagrammyTests;
			productName = AnagrammyTests;
			productReference = FA4E7CA51A81358100598C83 /* AnagrammyTests.xctest */;
			productType = "com.apple.product-type.bundle.unit-test";
		};
/* End PBXNativeTarget section */

/* Begin PBXProject section */
		FA4E7C881A81358100598C83 /* Project object */ = {
			isa = PBXProject;
			attributes = {
				LastUpgradeCheck = 0610;
				ORGANIZATIONNAME = "James M Allen";
				TargetAttributes = {
					FA4E7C8F1A81358100598C83 = {
						CreatedOnToolsVersion = 6.1.1;
					};
					FA4E7CA41A81358100598C83 = {
						CreatedOnToolsVersion = 6.1.1;
						TestTargetID = FA4E7C8F1A81358100598C83;
					};
				};
			};
			buildConfigurationList = FA4E7C8B1A81358100598C83 /* Build configuration list for PBXProject "Anagrammy" */;
			compatibilityVersion = "Xcode 3.2";
			developmentRegion = English;
			hasScannedForEncodings = 0;
			knownRegions = (
				en,
				Base,
			);
			mainGroup = FA4E7C871A81358100598C83;
			productRefGroup = FA4E7C911A81358100598C83 /* Products */;
			projectDirPath = "";
			projectRoot = "";
			targets = (
				FA4E7C8F1A81358100598C83 /* Anagrammy */,
				FA4E7CA41A81358100598C83 /* AnagrammyTests */,
			);
		};
/* End PBXProject section */

/* Begin PBXResourcesBuildPhase section */
		FA4E7C8E1A81358100598C83 /* Resources */ = {
			isa = PBXResourcesBuildPhase;
			buildActionMask = 2147483647;
			files = (
				FA4E7CBD1A81447600598C83 /* 3esl.txt in Resources */,
				FA4E7C9B1A81358100598C83 /* Main.storyboard in Resources */,
				FA4E7CA01A81358100598C83 /* LaunchScreen.xib in Resources */,
				FA4E7C9D1A81358100598C83 /* Images.xcassets in Resources */,
				FA4E7CBB1A813FF500598C83 /* enable.txt in Resources */,
			);
			runOnlyForDeploymentPostprocessing = 0;
		};
		FA4E7CA31A81358100598C83 /* Resources */ = {
			isa = PBXResourcesBuildPhase;
			buildActionMask = 2147483647;
			files = (
				FADB601E1A8D046A00FE2FC5 /* Main.storyboard in Resources */,
			);
			runOnlyForDeploymentPostprocessing = 0;
		};
/* End PBXResourcesBuildPhase section */

/* Begin PBXShellScriptBuildPhase section */
		087A04E70C29A1A9E5CE3DCE /* Copy Pods Resources */ = {
			isa = PBXShellScriptBuildPhase;
			buildActionMask = 2147483647;
			files = (
			);
			inputPaths = (
			);
			name = "Copy Pods Resources";
			outputPaths = (
			);
			runOnlyForDeploymentPostprocessing = 0;
			shellPath = /bin/sh;
			shellScript = "\"${SRCROOT}/Pods/Target Support Files/Pods/Pods-resources.sh\"\n";
			showEnvVarsInLog = 0;
		};
		5289C59A204094FDA1FDE22F /* Check Pods Manifest.lock */ = {
			isa = PBXShellScriptBuildPhase;
			buildActionMask = 2147483647;
			files = (
			);
			inputPaths = (
			);
			name = "Check Pods Manifest.lock";
			outputPaths = (
			);
			runOnlyForDeploymentPostprocessing = 0;
			shellPath = /bin/sh;
			shellScript = "diff \"${PODS_ROOT}/../Podfile.lock\" \"${PODS_ROOT}/Manifest.lock\" > /dev/null\nif [[ $? != 0 ]] ; then\n    cat << EOM\nerror: The sandbox is not in sync with the Podfile.lock. Run 'pod install' or update your CocoaPods installation.\nEOM\n    exit 1\nfi\n";
			showEnvVarsInLog = 0;
		};
		B53581087441AD67325F129F /* Copy Pods Resources */ = {
			isa = PBXShellScriptBuildPhase;
			buildActionMask = 2147483647;
			files = (
			);
			inputPaths = (
			);
			name = "Copy Pods Resources";
			outputPaths = (
			);
			runOnlyForDeploymentPostprocessing = 0;
			shellPath = /bin/sh;
			shellScript = "\"${SRCROOT}/Pods/Target Support Files/Pods/Pods-resources.sh\"\n";
			showEnvVarsInLog = 0;
		};
		E954CE7D0B2B4C8145E3153A /* Check Pods Manifest.lock */ = {
			isa = PBXShellScriptBuildPhase;
			buildActionMask = 2147483647;
			files = (
			);
			inputPaths = (
			);
			name = "Check Pods Manifest.lock";
			outputPaths = (
			);
			runOnlyForDeploymentPostprocessing = 0;
			shellPath = /bin/sh;
			shellScript = "diff \"${PODS_ROOT}/../Podfile.lock\" \"${PODS_ROOT}/Manifest.lock\" > /dev/null\nif [[ $? != 0 ]] ; then\n    cat << EOM\nerror: The sandbox is not in sync with the Podfile.lock. Run 'pod install' or update your CocoaPods installation.\nEOM\n    exit 1\nfi\n";
			showEnvVarsInLog = 0;
		};
/* End PBXShellScriptBuildPhase section */

/* Begin PBXSourcesBuildPhase section */
		FA4E7C8C1A81358100598C83 /* Sources */ = {
			isa = PBXSourcesBuildPhase;
			buildActionMask = 2147483647;
			files = (
				FA4E7CB91A813FDD00598C83 /* AnaDict.swift in Sources */,
				FA4E7C981A81358100598C83 /* ViewController.swift in Sources */,
				FABB90B01A9246040026C301 /* NotificationManager.swift in Sources */,
				FA4E7C961A81358100598C83 /* AppDelegate.swift in Sources */,
				FABB90AD1A923F250026C301 /* Utils.swift in Sources */,
			);
			runOnlyForDeploymentPostprocessing = 0;
		};
		FA4E7CA11A81358100598C83 /* Sources */ = {
			isa = PBXSourcesBuildPhase;
			buildActionMask = 2147483647;
			files = (
				FABB90B11A9246040026C301 /* NotificationManager.swift in Sources */,
				FABB90AE1A923F250026C301 /* Utils.swift in Sources */,
				FA1701D61A8CFC70002C3CC1 /* AppDelegate.swift in Sources */,
				FA1701D51A8CFC60002C3CC1 /* AnaDict.swift in Sources */,
				FA1701D71A8CFCB4002C3CC1 /* ViewController.swift in Sources */,
				FA4E7CAC1A81358100598C83 /* AnagrammyTests.swift in Sources */,
			);
			runOnlyForDeploymentPostprocessing = 0;
		};
/* End PBXSourcesBuildPhase section */

/* Begin PBXTargetDependency section */
		FA4E7CA71A81358100598C83 /* PBXTargetDependency */ = {
			isa = PBXTargetDependency;
			target = FA4E7C8F1A81358100598C83 /* Anagrammy */;
			targetProxy = FA4E7CA61A81358100598C83 /* PBXContainerItemProxy */;
		};
/* End PBXTargetDependency section */

/* Begin PBXVariantGroup section */
		FA4E7C991A81358100598C83 /* Main.storyboard */ = {
			isa = PBXVariantGroup;
			children = (
				FA4E7C9A1A81358100598C83 /* Base */,
			);
			name = Main.storyboard;
			sourceTree = "<group>";
		};
		FA4E7C9E1A81358100598C83 /* LaunchScreen.xib */ = {
			isa = PBXVariantGroup;
			children = (
				FA4E7C9F1A81358100598C83 /* Base */,
			);
			name = LaunchScreen.xib;
			sourceTree = "<group>";
		};
/* End PBXVariantGroup section */

/* Begin XCBuildConfiguration section */
		FA4E7CAD1A81358100598C83 /* Debug */ = {
			isa = XCBuildConfiguration;
			buildSettings = {
				ALWAYS_SEARCH_USER_PATHS = NO;
				CLANG_CXX_LANGUAGE_STANDARD = "gnu++0x";
				CLANG_CXX_LIBRARY = "libc++";
				CLANG_ENABLE_MODULES = YES;
				CLANG_ENABLE_OBJC_ARC = YES;
				CLANG_WARN_BOOL_CONVERSION = YES;
				CLANG_WARN_CONSTANT_CONVERSION = YES;
				CLANG_WARN_DIRECT_OBJC_ISA_USAGE = YES_ERROR;
				CLANG_WARN_EMPTY_BODY = YES;
				CLANG_WARN_ENUM_CONVERSION = YES;
				CLANG_WARN_INT_CONVERSION = YES;
				CLANG_WARN_OBJC_ROOT_CLASS = YES_ERROR;
				CLANG_WARN_UNREACHABLE_CODE = YES;
				CLANG_WARN__DUPLICATE_METHOD_MATCH = YES;
				"CODE_SIGN_IDENTITY[sdk=iphoneos*]" = "iPhone Developer";
				COPY_PHASE_STRIP = NO;
				ENABLE_STRICT_OBJC_MSGSEND = YES;
				GCC_C_LANGUAGE_STANDARD = gnu99;
				GCC_DYNAMIC_NO_PIC = NO;
				GCC_OPTIMIZATION_LEVEL = 0;
				GCC_PREPROCESSOR_DEFINITIONS = (
					"DEBUG=1",
					"$(inherited)",
				);
				GCC_SYMBOLS_PRIVATE_EXTERN = NO;
				GCC_WARN_64_TO_32_BIT_CONVERSION = YES;
				GCC_WARN_ABOUT_RETURN_TYPE = YES_ERROR;
				GCC_WARN_UNDECLARED_SELECTOR = YES;
				GCC_WARN_UNINITIALIZED_AUTOS = YES_AGGRESSIVE;
				GCC_WARN_UNUSED_FUNCTION = YES;
				GCC_WARN_UNUSED_VARIABLE = YES;
				IPHONEOS_DEPLOYMENT_TARGET = 8.1;
				MTL_ENABLE_DEBUG_INFO = YES;
				ONLY_ACTIVE_ARCH = YES;
				SDKROOT = iphoneos;
				SWIFT_OPTIMIZATION_LEVEL = "-Onone";
				TARGETED_DEVICE_FAMILY = "1,2";
			};
			name = Debug;
		};
		FA4E7CAE1A81358100598C83 /* Release */ = {
			isa = XCBuildConfiguration;
			buildSettings = {
				ALWAYS_SEARCH_USER_PATHS = NO;
				CLANG_CXX_LANGUAGE_STANDARD = "gnu++0x";
				CLANG_CXX_LIBRARY = "libc++";
				CLANG_ENABLE_MODULES = YES;
				CLANG_ENABLE_OBJC_ARC = YES;
				CLANG_WARN_BOOL_CONVERSION = YES;
				CLANG_WARN_CONSTANT_CONVERSION = YES;
				CLANG_WARN_DIRECT_OBJC_ISA_USAGE = YES_ERROR;
				CLANG_WARN_EMPTY_BODY = YES;
				CLANG_WARN_ENUM_CONVERSION = YES;
				CLANG_WARN_INT_CONVERSION = YES;
				CLANG_WARN_OBJC_ROOT_CLASS = YES_ERROR;
				CLANG_WARN_UNREACHABLE_CODE = YES;
				CLANG_WARN__DUPLICATE_METHOD_MATCH = YES;
				"CODE_SIGN_IDENTITY[sdk=iphoneos*]" = "iPhone Developer";
				COPY_PHASE_STRIP = YES;
				ENABLE_NS_ASSERTIONS = NO;
				ENABLE_STRICT_OBJC_MSGSEND = YES;
				GCC_C_LANGUAGE_STANDARD = gnu99;
				GCC_WARN_64_TO_32_BIT_CONVERSION = YES;
				GCC_WARN_ABOUT_RETURN_TYPE = YES_ERROR;
				GCC_WARN_UNDECLARED_SELECTOR = YES;
				GCC_WARN_UNINITIALIZED_AUTOS = YES_AGGRESSIVE;
				GCC_WARN_UNUSED_FUNCTION = YES;
				GCC_WARN_UNUSED_VARIABLE = YES;
				IPHONEOS_DEPLOYMENT_TARGET = 8.1;
				MTL_ENABLE_DEBUG_INFO = NO;
				SDKROOT = iphoneos;
				TARGETED_DEVICE_FAMILY = "1,2";
				VALIDATE_PRODUCT = YES;
			};
			name = Release;
		};
		FA4E7CB01A81358100598C83 /* Debug */ = {
			isa = XCBuildConfiguration;
			baseConfigurationReference = 9668F74FD402298EC94D052E /* Pods.debug.xcconfig */;
			buildSettings = {
				ASSETCATALOG_COMPILER_APPICON_NAME = AppIcon;
				INFOPLIST_FILE = Anagrammy/Info.plist;
				LD_RUNPATH_SEARCH_PATHS = "$(inherited) @executable_path/Frameworks";
				PRODUCT_NAME = "$(TARGET_NAME)";
				SWIFT_OBJC_BRIDGING_HEADER = "Anagrammy/Anagrammy-Bridging-Header.h";
			};
			name = Debug;
		};
		FA4E7CB11A81358100598C83 /* Release */ = {
			isa = XCBuildConfiguration;
			baseConfigurationReference = 191D6D2270E0DBF08A019BB8 /* Pods.release.xcconfig */;
			buildSettings = {
				ASSETCATALOG_COMPILER_APPICON_NAME = AppIcon;
				INFOPLIST_FILE = Anagrammy/Info.plist;
				LD_RUNPATH_SEARCH_PATHS = "$(inherited) @executable_path/Frameworks";
				PRODUCT_NAME = "$(TARGET_NAME)";
				SWIFT_OBJC_BRIDGING_HEADER = "Anagrammy/Anagrammy-Bridging-Header.h";
			};
			name = Release;
		};
		FA4E7CB31A81358100598C83 /* Debug */ = {
			isa = XCBuildConfiguration;
			baseConfigurationReference = 9668F74FD402298EC94D052E /* Pods.debug.xcconfig */;
			buildSettings = {
				BUNDLE_LOADER = "$(TEST_HOST)";
				FRAMEWORK_SEARCH_PATHS = (
					"$(SDKROOT)/Developer/Library/Frameworks",
					"$(inherited)",
				);
				GCC_PREPROCESSOR_DEFINITIONS = (
					"DEBUG=1",
					"$(inherited)",
				);
				INFOPLIST_FILE = AnagrammyTests/Info.plist;
				LD_RUNPATH_SEARCH_PATHS = "$(inherited) @executable_path/Frameworks @loader_path/Frameworks";
				PRODUCT_NAME = "$(TARGET_NAME)";
				SWIFT_OBJC_BRIDGING_HEADER = "Anagrammy/Anagrammy-Bridging-Header.h";
				TEST_HOST = "$(BUILT_PRODUCTS_DIR)/Anagrammy.app/Anagrammy";
			};
			name = Debug;
		};
		FA4E7CB41A81358100598C83 /* Release */ = {
			isa = XCBuildConfiguration;
			baseConfigurationReference = 191D6D2270E0DBF08A019BB8 /* Pods.release.xcconfig */;
			buildSettings = {
				BUNDLE_LOADER = "$(TEST_HOST)";
				FRAMEWORK_SEARCH_PATHS = (
					"$(SDKROOT)/Developer/Library/Frameworks",
					"$(inherited)",
				);
				INFOPLIST_FILE = AnagrammyTests/Info.plist;
				LD_RUNPATH_SEARCH_PATHS = "$(inherited) @executable_path/Frameworks @loader_path/Frameworks";
				PRODUCT_NAME = "$(TARGET_NAME)";
				SWIFT_OBJC_BRIDGING_HEADER = "Anagrammy/Anagrammy-Bridging-Header.h";
				TEST_HOST = "$(BUILT_PRODUCTS_DIR)/Anagrammy.app/Anagrammy";
			};
			name = Release;
		};
/* End XCBuildConfiguration section */

/* Begin XCConfigurationList section */
		FA4E7C8B1A81358100598C83 /* Build configuration list for PBXProject "Anagrammy" */ = {
			isa = XCConfigurationList;
			buildConfigurations = (
				FA4E7CAD1A81358100598C83 /* Debug */,
				FA4E7CAE1A81358100598C83 /* Release */,
			);
			defaultConfigurationIsVisible = 0;
			defaultConfigurationName = Release;
		};
		FA4E7CAF1A81358100598C83 /* Build configuration list for PBXNativeTarget "Anagrammy" */ = {
			isa = XCConfigurationList;
			buildConfigurations = (
				FA4E7CB01A81358100598C83 /* Debug */,
				FA4E7CB11A81358100598C83 /* Release */,
			);
			defaultConfigurationIsVisible = 0;
			defaultConfigurationName = Release;
		};
		FA4E7CB21A81358100598C83 /* Build configuration list for PBXNativeTarget "AnagrammyTests" */ = {
			isa = XCConfigurationList;
			buildConfigurations = (
				FA4E7CB31A81358100598C83 /* Debug */,
				FA4E7CB41A81358100598C83 /* Release */,
			);
			defaultConfigurationIsVisible = 0;
			defaultConfigurationName = Release;
		};
/* End XCConfigurationList section */
	};
	rootObject = FA4E7C881A81358100598C83 /* Project object */;
}
